
Microsoft Visual Studio Solution File, Format Version 12.00
# Visual Studio Version 16
VisualStudioVersion = 16.0.31402.337
MinimumVisualStudioVersion = 10.0.40219.1
Project("{FAE04EC0-301F-11D3-BF4B-00C04F79EFBC}") = "ProductCostApi", "ProductCostApi.csproj", "{3B057449-5D3F-486A-8E25-CC713464AFA5}"
EndProject
Project("{FAE04EC0-301F-11D3-BF4B-00C04F79EFBC}") = "DomainLayer", "..\DomainLayer\DomainLayer.csproj", "{EE4CDE9B-DD8C-46D9-B5DF-9BAECCA16140}"
EndProject
Project("{FAE04EC0-301F-11D3-BF4B-00C04F79EFBC}") = "RepositoryLayer", "..\RepositoryLayer\RepositoryLayer.csproj", "{DFFC36A6-C380-4FB2-AB5B-321A5C9AE350}"
EndProject
Project("{FAE04EC0-301F-11D3-BF4B-00C04F79EFBC}") = "ServicesLayer", "..\ServicesLayer\ServicesLayer.csproj", "{83DCF7BE-D9AB-4A98-A706-4A2E62EF26B0}"
EndProject
Project("{2150E333-8FDC-42A3-9474-1A3956D46DE8}") = "Application", "Application", "{58F3D14E-2D21-4956-80AE-6736ED756C73}"
EndProject
Project("{2150E333-8FDC-42A3-9474-1A3956D46DE8}") = "Domain", "Domain", "{9720F12F-D6BF-45EA-9F1E-019B3EB49724}"
EndProject
Project("{2150E333-8FDC-42A3-9474-1A3956D46DE8}") = "Repository", "Repository", "{CC3EC210-4792-4B96-81A0-44A04A9A0517}"
EndProject
Project("{2150E333-8FDC-42A3-9474-1A3956D46DE8}") = "Service", "Service", "{F3A11B31-5AFE-4398-A236-895728857A95}"
EndProject
Global
	GlobalSection(SolutionConfigurationPlatforms) = preSolution
		Debug|Any CPU = Debug|Any CPU
		Release|Any CPU = Release|Any CPU
	EndGlobalSection
	GlobalSection(ProjectConfigurationPlatforms) = postSolution
		{3B057449-5D3F-486A-8E25-CC713464AFA5}.Debug|Any CPU.ActiveCfg = Debug|Any CPU
		{3B057449-5D3F-486A-8E25-CC713464AFA5}.Debug|Any CPU.Build.0 = Debug|Any CPU
		{3B057449-5D3F-486A-8E25-CC713464AFA5}.Release|Any CPU.ActiveCfg = Release|Any CPU
		{3B057449-5D3F-486A-8E25-CC713464AFA5}.Release|Any CPU.Build.0 = Release|Any CPU
		{EE4CDE9B-DD8C-46D9-B5DF-9BAECCA16140}.Debug|Any CPU.ActiveCfg = Debug|Any CPU
		{EE4CDE9B-DD8C-46D9-B5DF-9BAECCA16140}.Debug|Any CPU.Build.0 = Debug|Any CPU
		{EE4CDE9B-DD8C-46D9-B5DF-9BAECCA16140}.Release|Any CPU.ActiveCfg = Release|Any CPU
		{EE4CDE9B-DD8C-46D9-B5DF-9BAECCA16140}.Release|Any CPU.Build.0 = Release|Any CPU
		{DFFC36A6-C380-4FB2-AB5B-321A5C9AE350}.Debug|Any CPU.ActiveCfg = Debug|Any CPU
		{DFFC36A6-C380-4FB2-AB5B-321A5C9AE350}.Debug|Any CPU.Build.0 = Debug|Any CPU
		{DFFC36A6-C380-4FB2-AB5B-321A5C9AE350}.Release|Any CPU.ActiveCfg = Release|Any CPU
		{DFFC36A6-C380-4FB2-AB5B-321A5C9AE350}.Release|Any CPU.Build.0 = Release|Any CPU
		{83DCF7BE-D9AB-4A98-A706-4A2E62EF26B0}.Debug|Any CPU.ActiveCfg = Debug|Any CPU
		{83DCF7BE-D9AB-4A98-A706-4A2E62EF26B0}.Debug|Any CPU.Build.0 = Debug|Any CPU
		{83DCF7BE-D9AB-4A98-A706-4A2E62EF26B0}.Release|Any CPU.ActiveCfg = Release|Any CPU
		{83DCF7BE-D9AB-4A98-A706-4A2E62EF26B0}.Release|Any CPU.Build.0 = Release|Any CPU
	EndGlobalSection
	GlobalSection(SolutionProperties) = preSolution
		HideSolutionNode = FALSE
	EndGlobalSection
	GlobalSection(NestedProjects) = preSolution
		{3B057449-5D3F-486A-8E25-CC713464AFA5} = {58F3D14E-2D21-4956-80AE-6736ED756C73}
		{EE4CDE9B-DD8C-46D9-B5DF-9BAECCA16140} = {9720F12F-D6BF-45EA-9F1E-019B3EB49724}
		{DFFC36A6-C380-4FB2-AB5B-321A5C9AE350} = {CC3EC210-4792-4B96-81A0-44A04A9A0517}
		{83DCF7BE-D9AB-4A98-A706-4A2E62EF26B0} = {F3A11B31-5AFE-4398-A236-895728857A95}
	EndGlobalSection
	GlobalSection(ExtensibilityGlobals) = postSolution
		SolutionGuid = {DC364ED6-DB63-4352-B03F-D8896A0B7093}
	EndGlobalSection
EndGlobal
